// !$*UTF8*$!
{
	archiveVersion = 1;
	classes = {
	};
	objectVersion = 50;
	objects = {

/* Begin PBXBuildFile section */
		82F5A01824225C850092CC75 /* AppDelegate.swift in Sources */ = {isa = PBXBuildFile; fileRef = 82F5A01724225C850092CC75 /* AppDelegate.swift */; };
		82F5A01A24225C850092CC75 /* SceneDelegate.swift in Sources */ = {isa = PBXBuildFile; fileRef = 82F5A01924225C850092CC75 /* SceneDelegate.swift */; };
		82F5A01C24225C850092CC75 /* ViewController.swift in Sources */ = {isa = PBXBuildFile; fileRef = 82F5A01B24225C850092CC75 /* ViewController.swift */; };
		82F5A01F24225C850092CC75 /* Main.storyboard in Resources */ = {isa = PBXBuildFile; fileRef = 82F5A01D24225C850092CC75 /* Main.storyboard */; };
		82F5A02224225C850092CC75 /* nav_toolbar.xcdatamodeld in Sources */ = {isa = PBXBuildFile; fileRef = 82F5A02024225C850092CC75 /* nav_toolbar.xcdatamodeld */; };
		82F5A02424225C880092CC75 /* Assets.xcassets in Resources */ = {isa = PBXBuildFile; fileRef = 82F5A02324225C880092CC75 /* Assets.xcassets */; };
		82F5A02724225C880092CC75 /* LaunchScreen.storyboard in Resources */ = {isa = PBXBuildFile; fileRef = 82F5A02524225C880092CC75 /* LaunchScreen.storyboard */; };
		82F5A03224225C880092CC75 /* nav_toolbarTests.swift in Sources */ = {isa = PBXBuildFile; fileRef = 82F5A03124225C880092CC75 /* nav_toolbarTests.swift */; };
		82F5A03D24225C880092CC75 /* nav_toolbarUITests.swift in Sources */ = {isa = PBXBuildFile; fileRef = 82F5A03C24225C880092CC75 /* nav_toolbarUITests.swift */; };
/* End PBXBuildFile section */

/* Begin PBXContainerItemProxy section */
		82F5A02E24225C880092CC75 /* PBXContainerItemProxy */ = {
			isa = PBXContainerItemProxy;
			containerPortal = 82F5A00C24225C850092CC75 /* Project object */;
			proxyType = 1;
			remoteGlobalIDString = 82F5A01324225C850092CC75;
			remoteInfo = "nav&toolbar";
		};
		82F5A03924225C880092CC75 /* PBXContainerItemProxy */ = {
			isa = PBXContainerItemProxy;
			containerPortal = 82F5A00C24225C850092CC75 /* Project object */;
			proxyType = 1;
			remoteGlobalIDString = 82F5A01324225C850092CC75;
			remoteInfo = "nav&toolbar";
		};
/* End PBXContainerItemProxy section */

/* Begin PBXFileReference section */
		82F5A01424225C850092CC75 /* nav&toolbar.app */ = {isa = PBXFileReference; explicitFileType = wrapper.application; includeInIndex = 0; path = "nav&toolbar.app"; sourceTree = BUILT_PRODUCTS_DIR; };
		82F5A01724225C850092CC75 /* AppDelegate.swift */ = {isa = PBXFileReference; lastKnownFileType = sourcecode.swift; path = AppDelegate.swift; sourceTree = "<group>"; };
		82F5A01924225C850092CC75 /* SceneDelegate.swift */ = {isa = PBXFileReference; lastKnownFileType = sourcecode.swift; path = SceneDelegate.swift; sourceTree = "<group>"; };
		82F5A01B24225C850092CC75 /* ViewController.swift */ = {isa = PBXFileReference; lastKnownFileType = sourcecode.swift; path = ViewController.swift; sourceTree = "<group>"; };
		82F5A01E24225C850092CC75 /* Base */ = {isa = PBXFileReference; lastKnownFileType = file.storyboard; name = Base; path = Base.lproj/Main.storyboard; sourceTree = "<group>"; };
		82F5A02124225C850092CC75 /* nav_toolbar.xcdatamodel */ = {isa = PBXFileReference; lastKnownFileType = wrapper.xcdatamodel; path = nav_toolbar.xcdatamodel; sourceTree = "<group>"; };
		82F5A02324225C880092CC75 /* Assets.xcassets */ = {isa = PBXFileReference; lastKnownFileType = folder.assetcatalog; path = Assets.xcassets; sourceTree = "<group>"; };
		82F5A02624225C880092CC75 /* Base */ = {isa = PBXFileReference; lastKnownFileType = file.storyboard; name = Base; path = Base.lproj/LaunchScreen.storyboard; sourceTree = "<group>"; };
		82F5A02824225C880092CC75 /* Info.plist */ = {isa = PBXFileReference; lastKnownFileType = text.plist.xml; path = Info.plist; sourceTree = "<group>"; };
		82F5A02D24225C880092CC75 /* nav&toolbarTests.xctest */ = {isa = PBXFileReference; explicitFileType = wrapper.cfbundle; includeInIndex = 0; path = "nav&toolbarTests.xctest"; sourceTree = BUILT_PRODUCTS_DIR; };
		82F5A03124225C880092CC75 /* nav_toolbarTests.swift */ = {isa = PBXFileReference; lastKnownFileType = sourcecode.swift; path = nav_toolbarTests.swift; sourceTree = "<group>"; };
		82F5A03324225C880092CC75 /* Info.plist */ = {isa = PBXFileReference; lastKnownFileType = text.plist.xml; path = Info.plist; sourceTree = "<group>"; };
		82F5A03824225C880092CC75 /* nav&toolbarUITests.xctest */ = {isa = PBXFileReference; explicitFileType = wrapper.cfbundle; includeInIndex = 0; path = "nav&toolbarUITests.xctest"; sourceTree = BUILT_PRODUCTS_DIR; };
		82F5A03C24225C880092CC75 /* nav_toolbarUITests.swift */ = {isa = PBXFileReference; lastKnownFileType = sourcecode.swift; path = nav_toolbarUITests.swift; sourceTree = "<group>"; };
		82F5A03E24225C880092CC75 /* Info.plist */ = {isa = PBXFileReference; lastKnownFileType = text.plist.xml; path = Info.plist; sourceTree = "<group>"; };
/* End PBXFileReference section */

/* Begin PBXFrameworksBuildPhase section */
		82F5A01124225C850092CC75 /* Frameworks */ = {
			isa = PBXFrameworksBuildPhase;
			buildActionMask = 2147483647;
			files = (
			);
			runOnlyForDeploymentPostprocessing = 0;
		};
		82F5A02A24225C880092CC75 /* Frameworks */ = {
			isa = PBXFrameworksBuildPhase;
			buildActionMask = 2147483647;
			files = (
			);
			runOnlyForDeploymentPostprocessing = 0;
		};
		82F5A03524225C880092CC75 /* Frameworks */ = {
			isa = PBXFrameworksBuildPhase;
			buildActionMask = 2147483647;
			files = (
			);
			runOnlyForDeploymentPostprocessing = 0;
		};
/* End PBXFrameworksBuildPhase section */

/* Begin PBXGroup section */
		82F5A00B24225C850092CC75 = {
			isa = PBXGroup;
			children = (
				82F5A01624225C850092CC75 /* nav&toolbar */,
				82F5A03024225C880092CC75 /* nav&toolbarTests */,
				82F5A03B24225C880092CC75 /* nav&toolbarUITests */,
				82F5A01524225C850092CC75 /* Products */,
			);
			sourceTree = "<group>";
		};
		82F5A01524225C850092CC75 /* Products */ = {
			isa = PBXGroup;
			children = (
				82F5A01424225C850092CC75 /* nav&toolbar.app */,
				82F5A02D24225C880092CC75 /* nav&toolbarTests.xctest */,
				82F5A03824225C880092CC75 /* nav&toolbarUITests.xctest */,
			);
			name = Products;
			sourceTree = "<group>";
		};
		82F5A01624225C850092CC75 /* nav&toolbar */ = {
			isa = PBXGroup;
			children = (
				82F5A01724225C850092CC75 /* AppDelegate.swift */,
				82F5A01924225C850092CC75 /* SceneDelegate.swift */,
				82F5A01B24225C850092CC75 /* ViewController.swift */,
				82F5A01D24225C850092CC75 /* Main.storyboard */,
				82F5A02324225C880092CC75 /* Assets.xcassets */,
				82F5A02524225C880092CC75 /* LaunchScreen.storyboard */,
				82F5A02824225C880092CC75 /* Info.plist */,
				82F5A02024225C850092CC75 /* nav_toolbar.xcdatamodeld */,
			);
			path = "nav&toolbar";
			sourceTree = "<group>";
		};
		82F5A03024225C880092CC75 /* nav&toolbarTests */ = {
			isa = PBXGroup;
			children = (
				82F5A03124225C880092CC75 /* nav_toolbarTests.swift */,
				82F5A03324225C880092CC75 /* Info.plist */,
			);
			path = "nav&toolbarTests";
			sourceTree = "<group>";
		};
		82F5A03B24225C880092CC75 /* nav&toolbarUITests */ = {
			isa = PBXGroup;
			children = (
				82F5A03C24225C880092CC75 /* nav_toolbarUITests.swift */,
				82F5A03E24225C880092CC75 /* Info.plist */,
			);
			path = "nav&toolbarUITests";
			sourceTree = "<group>";
		};
/* End PBXGroup section */

/* Begin PBXNativeTarget section */
		82F5A01324225C850092CC75 /* nav&toolbar */ = {
			isa = PBXNativeTarget;
			buildConfigurationList = 82F5A04124225C880092CC75 /* Build configuration list for PBXNativeTarget "nav&toolbar" */;
			buildPhases = (
				82F5A01024225C850092CC75 /* Sources */,
				82F5A01124225C850092CC75 /* Frameworks */,
				82F5A01224225C850092CC75 /* Resources */,
			);
			buildRules = (
			);
			dependencies = (
			);
			name = "nav&toolbar";
			productName = "nav&toolbar";
			productReference = 82F5A01424225C850092CC75 /* nav&toolbar.app */;
			productType = "com.apple.product-type.application";
		};
		82F5A02C24225C880092CC75 /* nav&toolbarTests */ = {
			isa = PBXNativeTarget;
			buildConfigurationList = 82F5A04424225C880092CC75 /* Build configuration list for PBXNativeTarget "nav&toolbarTests" */;
			buildPhases = (
				82F5A02924225C880092CC75 /* Sources */,
				82F5A02A24225C880092CC75 /* Frameworks */,
				82F5A02B24225C880092CC75 /* Resources */,
			);
			buildRules = (
			);
			dependencies = (
				82F5A02F24225C880092CC75 /* PBXTargetDependency */,
			);
			name = "nav&toolbarTests";
			productName = "nav&toolbarTests";
			productReference = 82F5A02D24225C880092CC75 /* nav&toolbarTests.xctest */;
			productType = "com.apple.product-type.bundle.unit-test";
		};
		82F5A03724225C880092CC75 /* nav&toolbarUITests */ = {
			isa = PBXNativeTarget;
			buildConfigurationList = 82F5A04724225C880092CC75 /* Build configuration list for PBXNativeTarget "nav&toolbarUITests" */;
			buildPhases = (
				82F5A03424225C880092CC75 /* Sources */,
				82F5A03524225C880092CC75 /* Frameworks */,
				82F5A03624225C880092CC75 /* Resources */,
			);
			buildRules = (
			);
			dependencies = (
				82F5A03A24225C880092CC75 /* PBXTargetDependency */,
			);
			name = "nav&toolbarUITests";
			productName = "nav&toolbarUITests";
			productReference = 82F5A03824225C880092CC75 /* nav&toolbarUITests.xctest */;
			productType = "com.apple.product-type.bundle.ui-testing";
		};
/* End PBXNativeTarget section */

/* Begin PBXProject section */
		82F5A00C24225C850092CC75 /* Project object */ = {
			isa = PBXProject;
			attributes = {
				LastSwiftUpdateCheck = 1130;
				LastUpgradeCheck = 1130;
				ORGANIZATIONNAME = "Abdulrhman A F  Alomairi";
				TargetAttributes = {
					82F5A01324225C850092CC75 = {
						CreatedOnToolsVersion = 11.3.1;
					};
					82F5A02C24225C880092CC75 = {
						CreatedOnToolsVersion = 11.3.1;
						TestTargetID = 82F5A01324225C850092CC75;
					};
					82F5A03724225C880092CC75 = {
						CreatedOnToolsVersion = 11.3.1;
						TestTargetID = 82F5A01324225C850092CC75;
					};
				};
			};
			buildConfigurationList = 82F5A00F24225C850092CC75 /* Build configuration list for PBXProject "nav&toolbar" */;
			compatibilityVersion = "Xcode 9.3";
			developmentRegion = en;
			hasScannedForEncodings = 0;
			knownRegions = (
				en,
				Base,
			);
			mainGroup = 82F5A00B24225C850092CC75;
			productRefGroup = 82F5A01524225C850092CC75 /* Products */;
			projectDirPath = "";
			projectRoot = "";
			targets = (
				82F5A01324225C850092CC75 /* nav&toolbar */,
				82F5A02C24225C880092CC75 /* nav&toolbarTests */,
				82F5A03724225C880092CC75 /* nav&toolbarUITests */,
			);
		};
/* End PBXProject section */

/* Begin PBXResourcesBuildPhase section */
		82F5A01224225C850092CC75 /* Resources */ = {
			isa = PBXResourcesBuildPhase;
			buildActionMask = 2147483647;
			files = (
				82F5A02724225C880092CC75 /* LaunchScreen.storyboard in Resources */,
				82F5A02424225C880092CC75 /* Assets.xcassets in Resources */,
				82F5A01F24225C850092CC75 /* Main.storyboard in Resources */,
			);
			runOnlyForDeploymentPostprocessing = 0;
		};
		82F5A02B24225C880092CC75 /* Resources */ = {
			isa = PBXResourcesBuildPhase;
			buildActionMask = 2147483647;
			files = (
			);
			runOnlyForDeploymentPostprocessing = 0;
		};
		82F5A03624225C880092CC75 /* Resources */ = {
			isa = PBXResourcesBuildPhase;
			buildActionMask = 2147483647;
			files = (
			);
			runOnlyForDeploymentPostprocessing = 0;
		};
/* End PBXResourcesBuildPhase section */

/* Begin PBXSourcesBuildPhase section */
		82F5A01024225C850092CC75 /* Sources */ = {
			isa = PBXSourcesBuildPhase;
			buildActionMask = 2147483647;
			files = (
				82F5A01C24225C850092CC75 /* ViewController.swift in Sources */,
				82F5A01824225C850092CC75 /* AppDelegate.swift in Sources */,
				82F5A01A24225C850092CC75 /* SceneDelegate.swift in Sources */,
				82F5A02224225C850092CC75 /* nav_toolbar.xcdatamodeld in Sources */,
			);
			runOnlyForDeploymentPostprocessing = 0;
		};
		82F5A02924225C880092CC75 /* Sources */ = {
			isa = PBXSourcesBuildPhase;
			buildActionMask = 2147483647;
			files = (
				82F5A03224225C880092CC75 /* nav_toolbarTests.swift in Sources */,
			);
			runOnlyForDeploymentPostprocessing = 0;
		};
		82F5A03424225C880092CC75 /* Sources */ = {
			isa = PBXSourcesBuildPhase;
			buildActionMask = 2147483647;
			files = (
				82F5A03D24225C880092CC75 /* nav_toolbarUITests.swift in Sources */,
			);
			runOnlyForDeploymentPostprocessing = 0;
		};
/* End PBXSourcesBuildPhase section */

/* Begin PBXTargetDependency section */
		82F5A02F24225C880092CC75 /* PBXTargetDependency */ = {
			isa = PBXTargetDependency;
			target = 82F5A01324225C850092CC75 /* nav&toolbar */;
			targetProxy = 82F5A02E24225C880092CC75 /* PBXContainerItemProxy */;
		};
		82F5A03A24225C880092CC75 /* PBXTargetDependency */ = {
			isa = PBXTargetDependency;
			target = 82F5A01324225C850092CC75 /* nav&toolbar */;
			targetProxy = 82F5A03924225C880092CC75 /* PBXContainerItemProxy */;
		};
/* End PBXTargetDependency section */

/* Begin PBXVariantGroup section */
		82F5A01D24225C850092CC75 /* Main.storyboard */ = {
			isa = PBXVariantGroup;
			children = (
				82F5A01E24225C850092CC75 /* Base */,
			);
			name = Main.storyboard;
			sourceTree = "<group>";
		};
		82F5A02524225C880092CC75 /* LaunchScreen.storyboard */ = {
			isa = PBXVariantGroup;
			children = (
				82F5A02624225C880092CC75 /* Base */,
			);
			name = LaunchScreen.storyboard;
			sourceTree = "<group>";
		};
/* End PBXVariantGroup section */

/* Begin XCBuildConfiguration section */
		82F5A03F24225C880092CC75 /* Debug */ = {
			isa = XCBuildConfiguration;
			buildSettings = {
				ALWAYS_SEARCH_USER_PATHS = NO;
				CLANG_ANALYZER_NONNULL = YES;
				CLANG_ANALYZER_NUMBER_OBJECT_CONVERSION = YES_AGGRESSIVE;
				CLANG_CXX_LANGUAGE_STANDARD = "gnu++14";
				CLANG_CXX_LIBRARY = "libc++";
				CLANG_ENABLE_MODULES = YES;
				CLANG_ENABLE_OBJC_ARC = YES;
				CLANG_ENABLE_OBJC_WEAK = YES;
				CLANG_WARN_BLOCK_CAPTURE_AUTORELEASING = YES;
				CLANG_WARN_BOOL_CONVERSION = YES;
				CLANG_WARN_COMMA = YES;
				CLANG_WARN_CONSTANT_CONVERSION = YES;
				CLANG_WARN_DEPRECATED_OBJC_IMPLEMENTATIONS = YES;
				CLANG_WARN_DIRECT_OBJC_ISA_USAGE = YES_ERROR;
				CLANG_WARN_DOCUMENTATION_COMMENTS = YES;
				CLANG_WARN_EMPTY_BODY = YES;
				CLANG_WARN_ENUM_CONVERSION = YES;
				CLANG_WARN_INFINITE_RECURSION = YES;
				CLANG_WARN_INT_CONVERSION = YES;
				CLANG_WARN_NON_LITERAL_NULL_CONVERSION = YES;
				CLANG_WARN_OBJC_IMPLICIT_RETAIN_SELF = YES;
				CLANG_WARN_OBJC_LITERAL_CONVERSION = YES;
				CLANG_WARN_OBJC_ROOT_CLASS = YES_ERROR;
				CLANG_WARN_RANGE_LOOP_ANALYSIS = YES;
				CLANG_WARN_STRICT_PROTOTYPES = YES;
				CLANG_WARN_SUSPICIOUS_MOVE = YES;
				CLANG_WARN_UNGUARDED_AVAILABILITY = YES_AGGRESSIVE;
				CLANG_WARN_UNREACHABLE_CODE = YES;
				CLANG_WARN__DUPLICATE_METHOD_MATCH = YES;
				COPY_PHASE_STRIP = NO;
				DEBUG_INFORMATION_FORMAT = dwarf;
				ENABLE_STRICT_OBJC_MSGSEND = YES;
				ENABLE_TESTABILITY = YES;
				GCC_C_LANGUAGE_STANDARD = gnu11;
				GCC_DYNAMIC_NO_PIC = NO;
				GCC_NO_COMMON_BLOCKS = YES;
				GCC_OPTIMIZATION_LEVEL = 0;
				GCC_PREPROCESSOR_DEFINITIONS = (
					"DEBUG=1",
					"$(inherited)",
				);
				GCC_WARN_64_TO_32_BIT_CONVERSION = YES;
				GCC_WARN_ABOUT_RETURN_TYPE = YES_ERROR;
				GCC_WARN_UNDECLARED_SELECTOR = YES;
				GCC_WARN_UNINITIALIZED_AUTOS = YES_AGGRESSIVE;
				GCC_WARN_UNUSED_FUNCTION = YES;
				GCC_WARN_UNUSED_VARIABLE = YES;
				IPHONEOS_DEPLOYMENT_TARGET = 13.2;
				MTL_ENABLE_DEBUG_INFO = INCLUDE_SOURCE;
				MTL_FAST_MATH = YES;
				ONLY_ACTIVE_ARCH = YES;
				SDKROOT = iphoneos;
				SWIFT_ACTIVE_COMPILATION_CONDITIONS = DEBUG;
				SWIFT_OPTIMIZATION_LEVEL = "-Onone";
			};
			name = Debug;
		};
		82F5A04024225C880092CC75 /* Release */ = {
			isa = XCBuildConfiguration;
			buildSettings = {
				ALWAYS_SEARCH_USER_PATHS = NO;
				CLANG_ANALYZER_NONNULL = YES;
				CLANG_ANALYZER_NUMBER_OBJECT_CONVERSION = YES_AGGRESSIVE;
				CLANG_CXX_LANGUAGE_STANDARD = "gnu++14";
				CLANG_CXX_LIBRARY = "libc++";
				CLANG_ENABLE_MODULES = YES;
				CLANG_ENABLE_OBJC_ARC = YES;
				CLANG_ENABLE_OBJC_WEAK = YES;
				CLANG_WARN_BLOCK_CAPTURE_AUTORELEASING = YES;
				CLANG_WARN_BOOL_CONVERSION = YES;
				CLANG_WARN_COMMA = YES;
				CLANG_WARN_CONSTANT_CONVERSION = YES;
				CLANG_WARN_DEPRECATED_OBJC_IMPLEMENTATIONS = YES;
				CLANG_WARN_DIRECT_OBJC_ISA_USAGE = YES_ERROR;
				CLANG_WARN_DOCUMENTATION_COMMENTS = YES;
				CLANG_WARN_EMPTY_BODY = YES;
				CLANG_WARN_ENUM_CONVERSION = YES;
				CLANG_WARN_INFINITE_RECURSION = YES;
				CLANG_WARN_INT_CONVERSION = YES;
				CLANG_WARN_NON_LITERAL_NULL_CONVERSION = YES;
				CLANG_WARN_OBJC_IMPLICIT_RETAIN_SELF = YES;
				CLANG_WARN_OBJC_LITERAL_CONVERSION = YES;
				CLANG_WARN_OBJC_ROOT_CLASS = YES_ERROR;
				CLANG_WARN_RANGE_LOOP_ANALYSIS = YES;
				CLANG_WARN_STRICT_PROTOTYPES = YES;
				CLANG_WARN_SUSPICIOUS_MOVE = YES;
				CLANG_WARN_UNGUARDED_AVAILABILITY = YES_AGGRESSIVE;
				CLANG_WARN_UNREACHABLE_CODE = YES;
				CLANG_WARN__DUPLICATE_METHOD_MATCH = YES;
				COPY_PHASE_STRIP = NO;
				DEBUG_INFORMATION_FORMAT = "dwarf-with-dsym";
				ENABLE_NS_ASSERTIONS = NO;
				ENABLE_STRICT_OBJC_MSGSEND = YES;
				GCC_C_LANGUAGE_STANDARD = gnu11;
				GCC_NO_COMMON_BLOCKS = YES;
				GCC_WARN_64_TO_32_BIT_CONVERSION = YES;
				GCC_WARN_ABOUT_RETURN_TYPE = YES_ERROR;
				GCC_WARN_UNDECLARED_SELECTOR = YES;
				GCC_WARN_UNINITIALIZED_AUTOS = YES_AGGRESSIVE;
				GCC_WARN_UNUSED_FUNCTION = YES;
				GCC_WARN_UNUSED_VARIABLE = YES;
				IPHONEOS_DEPLOYMENT_TARGET = 13.2;
				MTL_ENABLE_DEBUG_INFO = NO;
				MTL_FAST_MATH = YES;
				SDKROOT = iphoneos;
				SWIFT_COMPILATION_MODE = wholemodule;
				SWIFT_OPTIMIZATION_LEVEL = "-O";
				VALIDATE_PRODUCT = YES;
			};
			name = Release;
		};
		82F5A04224225C880092CC75 /* Debug */ = {
			isa = XCBuildConfiguration;
			buildSettings = {
				ASSETCATALOG_COMPILER_APPICON_NAME = AppIcon;
				CODE_SIGN_STYLE = Automatic;
				DEVELOPMENT_TEAM = 63P5DU942F;
				INFOPLIST_FILE = "nav&toolbar/Info.plist";
				LD_RUNPATH_SEARCH_PATHS = (
					"$(inherited)",
					"@executable_path/Frameworks",
				);
				PRODUCT_BUNDLE_IDENTIFIER = "masterbest.net.nav-toolbar";
				PRODUCT_NAME = "$(TARGET_NAME)";
				SWIFT_VERSION = 5.0;
				TARGETED_DEVICE_FAMILY = "1,2";
			};
			name = Debug;
		};
		82F5A04324225C880092CC75 /* Release */ = {
			isa = XCBuildConfiguration;
			buildSettings = {
				ASSETCATALOG_COMPILER_APPICON_NAME = AppIcon;
				CODE_SIGN_STYLE = Automatic;
				DEVELOPMENT_TEAM = 63P5DU942F;
				INFOPLIST_FILE = "nav&toolbar/Info.plist";
				LD_RUNPATH_SEARCH_PATHS = (
					"$(inherited)",
					"@executable_path/Frameworks",
				);
				PRODUCT_BUNDLE_IDENTIFIER = "masterbest.net.nav-toolbar";
				PRODUCT_NAME = "$(TARGET_NAME)";
				SWIFT_VERSION = 5.0;
				TARGETED_DEVICE_FAMILY = "1,2";
			};
			name = Release;
		};
		82F5A04524225C880092CC75 /* Debug */ = {
			isa = XCBuildConfiguration;
			buildSettings = {
				ALWAYS_EMBED_SWIFT_STANDARD_LIBRARIES = YES;
				BUNDLE_LOADER = "$(TEST_HOST)";
				CODE_SIGN_STYLE = Automatic;
				DEVELOPMENT_TEAM = 63P5DU942F;
				INFOPLIST_FILE = "nav&toolbarTests/Info.plist";
				IPHONEOS_DEPLOYMENT_TARGET = 13.2;
				LD_RUNPATH_SEARCH_PATHS = (
					"$(inherited)",
					"@executable_path/Frameworks",
					"@loader_path/Frameworks",
				);
				PRODUCT_BUNDLE_IDENTIFIER = "masterbest.net.nav-toolbarTests";
				PRODUCT_NAME = "$(TARGET_NAME)";
				SWIFT_VERSION = 5.0;
				TARGETED_DEVICE_FAMILY = "1,2";
				TEST_HOST = "$(BUILT_PRODUCTS_DIR)/nav&toolbar.app/nav&toolbar";
			};
			name = Debug;
		};
		82F5A04624225C880092CC75 /* Release */ = {
			isa = XCBuildConfiguration;
			buildSettings = {
				ALWAYS_EMBED_SWIFT_STANDARD_LIBRARIES = YES;
				BUNDLE_LOADER = "$(TEST_HOST)";
				CODE_SIGN_STYLE = Automatic;
				DEVELOPMENT_TEAM = 63P5DU942F;
				INFOPLIST_FILE = "nav&toolbarTests/Info.plist";
				IPHONEOS_DEPLOYMENT_TARGET = 13.2;
				LD_RUNPATH_SEARCH_PATHS = (
					"$(inherited)",
					"@executable_path/Frameworks",
					"@loader_path/Frameworks",
				);
				PRODUCT_BUNDLE_IDENTIFIER = "masterbest.net.nav-toolbarTests";
				PRODUCT_NAME = "$(TARGET_NAME)";
				SWIFT_VERSION = 5.0;
				TARGETED_DEVICE_FAMILY = "1,2";
				TEST_HOST = "$(BUILT_PRODUCTS_DIR)/nav&toolbar.app/nav&toolbar";
			};
			name = Release;
		};
		82F5A04824225C880092CC75 /* Debug */ = {
			isa = XCBuildConfiguration;
			buildSettings = {
				ALWAYS_EMBED_SWIFT_STANDARD_LIBRARIES = YES;
				CODE_SIGN_STYLE = Automatic;
				DEVELOPMENT_TEAM = 63P5DU942F;
				INFOPLIST_FILE = "nav&toolbarUITests/Info.plist";
				LD_RUNPATH_SEARCH_PATHS = (
					"$(inherited)",
					"@executable_path/Frameworks",
					"@loader_path/Frameworks",
				);
				PRODUCT_BUNDLE_IDENTIFIER = "masterbest.net.nav-toolbarUITests";
				PRODUCT_NAME = "$(TARGET_NAME)";
				SWIFT_VERSION = 5.0;
				TARGETED_DEVICE_FAMILY = "1,2";
				TEST_TARGET_NAME = "nav&toolbar";
			};
			name = Debug;
		};
		82F5A04924225C880092CC75 /* Release */ = {
			isa = XCBuildConfiguration;
			buildSettings = {
				ALWAYS_EMBED_SWIFT_STANDARD_LIBRARIES = YES;
				CODE_SIGN_STYLE = Automatic;
				DEVELOPMENT_TEAM = 63P5DU942F;
				INFOPLIST_FILE = "nav&toolbarUITests/Info.plist";
				LD_RUNPATH_SEARCH_PATHS = (
					"$(inherited)",
					"@executable_path/Frameworks",
					"@loader_path/Frameworks",
				);
				PRODUCT_BUNDLE_IDENTIFIER = "masterbest.net.nav-toolbarUITests";
				PRODUCT_NAME = "$(TARGET_NAME)";
				SWIFT_VERSION = 5.0;
				TARGETED_DEVICE_FAMILY = "1,2";
				TEST_TARGET_NAME = "nav&toolbar";
			};
			name = Release;
		};
/* End XCBuildConfiguration section */

/* Begin XCConfigurationList section */
		82F5A00F24225C850092CC75 /* Build configuration list for PBXProject "nav&toolbar" */ = {
			isa = XCConfigurationList;
			buildConfigurations = (
				82F5A03F24225C880092CC75 /* Debug */,
				82F5A04024225C880092CC75 /* Release */,
			);
			defaultConfigurationIsVisible = 0;
			defaultConfigurationName = Release;
		};
		82F5A04124225C880092CC75 /* Build configuration list for PBXNativeTarget "nav&toolbar" */ = {
			isa = XCConfigurationList;
			buildConfigurations = (
				82F5A04224225C880092CC75 /* Debug */,
				82F5A04324225C880092CC75 /* Release */,
			);
			defaultConfigurationIsVisible = 0;
			defaultConfigurationName = Release;
		};
		82F5A04424225C880092CC75 /* Build configuration list for PBXNativeTarget "nav&toolbarTests" */ = {
			isa = XCConfigurationList;
			buildConfigurations = (
				82F5A04524225C880092CC75 /* Debug */,
				82F5A04624225C880092CC75 /* Release */,
			);
			defaultConfigurationIsVisible = 0;
			defaultConfigurationName = Release;
		};
		82F5A04724225C880092CC75 /* Build configuration list for PBXNativeTarget "nav&toolbarUITests" */ = {
			isa = XCConfigurationList;
			buildConfigurations = (
				82F5A04824225C880092CC75 /* Debug */,
				82F5A04924225C880092CC75 /* Release */,
			);
			defaultConfigurationIsVisible = 0;
			defaultConfigurationName = Release;
		};
/* End XCConfigurationList section */

/* Begin XCVersionGroup section */
		82F5A02024225C850092CC75 /* nav_toolbar.xcdatamodeld */ = {
			isa = XCVersionGroup;
			children = (
				82F5A02124225C850092CC75 /* nav_toolbar.xcdatamodel */,
			);
			currentVersion = 82F5A02124225C850092CC75 /* nav_toolbar.xcdatamodel */;
			path = nav_toolbar.xcdatamodeld;
			sourceTree = "<group>";
			versionGroupType = wrapper.xcdatamodel;
		};
/* End XCVersionGroup section */
	};
	rootObject = 82F5A00C24225C850092CC75 /* Project object */;
}
